
Microsoft Visual Studio Solution File, Format Version 12.00
# Visual Studio Version 17
VisualStudioVersion = 17.5.33627.172
MinimumVisualStudioVersion = 10.0.40219.1
Project("{9A19103F-16F7-4668-BE54-9A1E7A4F7556}") = "Zalo.API", "Zalo.API\Zalo.API.csproj", "{02DF2C94-E161-49E4-ADC8-3E1CD8D9192D}"
EndProject
Project("{9A19103F-16F7-4668-BE54-9A1E7A4F7556}") = "Zalo.Model", "Zalo.Model\Zalo.Model.csproj", "{C4FFFEE6-B15B-4A69-876E-608472EF7868}"
EndProject
Project("{9A19103F-16F7-4668-BE54-9A1E7A4F7556}") = "Zalo.Web", "Zalo.Web\Zalo.Web.csproj", "{99CE96B3-FC35-4D43-ADF8-7C55E5E6F5F1}"
EndProject
Project("{9A19103F-16F7-4668-BE54-9A1E7A4F7556}") = "Zalo.Service", "Zalo.Service\Zalo.Service.csproj", "{56B71CDF-3D6D-4B5B-8263-1AFC654DC720}"
EndProject
Global
	GlobalSection(SolutionConfigurationPlatforms) = preSolution
		Debug|Any CPU = Debug|Any CPU
		Release|Any CPU = Release|Any CPU
	EndGlobalSection
	GlobalSection(ProjectConfigurationPlatforms) = postSolution
		{02DF2C94-E161-49E4-ADC8-3E1CD8D9192D}.Debug|Any CPU.ActiveCfg = Debug|Any CPU
		{02DF2C94-E161-49E4-ADC8-3E1CD8D9192D}.Debug|Any CPU.Build.0 = Debug|Any CPU
		{02DF2C94-E161-49E4-ADC8-3E1CD8D9192D}.Release|Any CPU.ActiveCfg = Release|Any CPU
		{02DF2C94-E161-49E4-ADC8-3E1CD8D9192D}.Release|Any CPU.Build.0 = Release|Any CPU
		{C4FFFEE6-B15B-4A69-876E-608472EF7868}.Debug|Any CPU.ActiveCfg = Debug|Any CPU
		{C4FFFEE6-B15B-4A69-876E-608472EF7868}.Debug|Any CPU.Build.0 = Debug|Any CPU
		{C4FFFEE6-B15B-4A69-876E-608472EF7868}.Release|Any CPU.ActiveCfg = Release|Any CPU
		{C4FFFEE6-B15B-4A69-876E-608472EF7868}.Release|Any CPU.Build.0 = Release|Any CPU
		{99CE96B3-FC35-4D43-ADF8-7C55E5E6F5F1}.Debug|Any CPU.ActiveCfg = Debug|Any CPU
		{99CE96B3-FC35-4D43-ADF8-7C55E5E6F5F1}.Debug|Any CPU.Build.0 = Debug|Any CPU
		{99CE96B3-FC35-4D43-ADF8-7C55E5E6F5F1}.Release|Any CPU.ActiveCfg = Release|Any CPU
		{99CE96B3-FC35-4D43-ADF8-7C55E5E6F5F1}.Release|Any CPU.Build.0 = Release|Any CPU
		{56B71CDF-3D6D-4B5B-8263-1AFC654DC720}.Debug|Any CPU.ActiveCfg = Debug|Any CPU
		{56B71CDF-3D6D-4B5B-8263-1AFC654DC720}.Debug|Any CPU.Build.0 = Debug|Any CPU
		{56B71CDF-3D6D-4B5B-8263-1AFC654DC720}.Release|Any CPU.ActiveCfg = Release|Any CPU
		{56B71CDF-3D6D-4B5B-8263-1AFC654DC720}.Release|Any CPU.Build.0 = Release|Any CPU
	EndGlobalSection
	GlobalSection(SolutionProperties) = preSolution
		HideSolutionNode = FALSE
	EndGlobalSection
	GlobalSection(ExtensibilityGlobals) = postSolution
		SolutionGuid = {7EBAF33F-4A92-4063-B7BA-D264DF419F92}
	EndGlobalSection
EndGlobal
